
Microsoft Visual Studio Solution File, Format Version 12.00
# Visual Studio Version 16
VisualStudioVersion = 16.0.33801.447
MinimumVisualStudioVersion = 10.0.40219.1
Project("{FAE04EC0-301F-11D3-BF4B-00C04F79EFBC}") = "KA_2024_4_11", "KA_2024_4_11\KA_2024_4_11.csproj", "{ABCDBC74-A65C-486F-A95C-25FF52B3D7E5}"
EndProject
Global
	GlobalSection(SolutionConfigurationPlatforms) = preSolution
		Debug|Any CPU = Debug|Any CPU
		Release|Any CPU = Release|Any CPU
	EndGlobalSection
	GlobalSection(ProjectConfigurationPlatforms) = postSolution
		{ABCDBC74-A65C-486F-A95C-25FF52B3D7E5}.Debug|Any CPU.ActiveCfg = Debug|Any CPU
		{ABCDBC74-A65C-486F-A95C-25FF52B3D7E5}.Debug|Any CPU.Build.0 = Debug|Any CPU
		{ABCDBC74-A65C-486F-A95C-25FF52B3D7E5}.Release|Any CPU.ActiveCfg = Release|Any CPU
		{ABCDBC74-A65C-486F-A95C-25FF52B3D7E5}.Release|Any CPU.Build.0 = Release|Any CPU
	EndGlobalSection
	GlobalSection(SolutionProperties) = preSolution
		HideSolutionNode = FALSE
	EndGlobalSection
	GlobalSection(ExtensibilityGlobals) = postSolution
		SolutionGuid = {D9CF67B8-6BE3-4607-86D8-72CC12F14299}
	EndGlobalSection
EndGlobal
